
Microsoft Visual Studio Solution File, Format Version 12.00
Project("{2150E333-8FDC-42A3-9474-1A3956D46DE8}") = "Services", "Services", "{18527B13-E51F-4BED-AB32-0114CA79DDDD}"
EndProject
Project("{2150E333-8FDC-42A3-9474-1A3956D46DE8}") = "WebApps", "WebApps", "{E5C5FCE8-69C2-48BE-A041-6B3259E417F2}"
EndProject
Project("{2150E333-8FDC-42A3-9474-1A3956D46DE8}") = "Cadastro", "Cadastro", "{D3A4350B-AA8F-47F8-BE4A-1A1D6427A15B}"
EndProject
Project("{2150E333-8FDC-42A3-9474-1A3956D46DE8}") = "Catalogo", "Catalogo", "{FD6F8A2C-2BF1-4774-9329-0BEC2647158C}"
EndProject
Project("{2150E333-8FDC-42A3-9474-1A3956D46DE8}") = "Core", "Core", "{0649588E-53B8-415D-B281-BD8A2CD776DD}"
EndProject
Project("{FAE04EC0-301F-11D3-BF4B-00C04F79EFBC}") = "NerdStore.Catalogo.Domain", "NerdStore.Catalogo.Domain\NerdStore.Catalogo.Domain.csproj", "{7DD6E6D1-7F44-4EF1-93E4-C8AD322ECC20}"
EndProject
Project("{FAE04EC0-301F-11D3-BF4B-00C04F79EFBC}") = "NerdStore.Core", "NerdStore.Core\NerdStore.Core.csproj", "{92C13F60-4902-4E47-9A90-727270C7B90B}"
EndProject
Project("{2150E333-8FDC-42A3-9474-1A3956D46DE8}") = "Testes", "Testes", "{6075D65A-638A-450A-9FA3-C7A44D0EBBA1}"
EndProject
Project("{FAE04EC0-301F-11D3-BF4B-00C04F79EFBC}") = "NerdStore.Catalogo.Testes", "..\..\tests\NerdStore.Catalogo.Testes\NerdStore.Catalogo.Testes.csproj", "{5573B0D9-0EE8-4416-AE96-2FA2784DD197}"
EndProject
Project("{FAE04EC0-301F-11D3-BF4B-00C04F79EFBC}") = "NerdStore.Catalogo.Data", "NerdStore.Catalogo.Data\NerdStore.Catalogo.Data.csproj", "{B81EB363-61D7-43D3-9A7E-691DB533A744}"
EndProject
Project("{FAE04EC0-301F-11D3-BF4B-00C04F79EFBC}") = "NerdStore.Catalogo.Application", "NerdStore.Catalogo.Application\NerdStore.Catalogo.Application.csproj", "{8C5B00FE-D7AA-4658-A7EE-F57D02A002DB}"
EndProject
Project("{FAE04EC0-301F-11D3-BF4B-00C04F79EFBC}") = "NerdStore.WebApi", "NerdStore.WebApi\NerdStore.WebApi.csproj", "{6B3DB36B-4E3C-4657-9A41-F535A904882A}"
EndProject
Project("{2150E333-8FDC-42A3-9474-1A3956D46DE8}") = "Vendas", "Vendas", "{9DD7D78A-E2F4-474C-ACA5-612E40E725B4}"
EndProject
Project("{FAE04EC0-301F-11D3-BF4B-00C04F79EFBC}") = "NerdStore.Vendas.Domain", "NerdStore.Vendas.Domain\NerdStore.Vendas.Domain.csproj", "{DB55AA8B-477C-4E1E-A91D-1D092C395BE5}"
EndProject
Project("{FAE04EC0-301F-11D3-BF4B-00C04F79EFBC}") = "NerdStore.Vendas.Application", "NerdStore.Vendas.Application\NerdStore.Vendas.Application.csproj", "{CD1358BE-23A2-4729-B5DE-7B21CF1B7FBD}"
EndProject
Project("{FAE04EC0-301F-11D3-BF4B-00C04F79EFBC}") = "NerdStore.Vendas.Data", "NerdStore.Vendas.Data\NerdStore.Vendas.Data.csproj", "{14EBF79F-758C-4D00-B8E0-4EBA2EB628ED}"
EndProject
Global
	GlobalSection(SolutionConfigurationPlatforms) = preSolution
		Debug|Any CPU = Debug|Any CPU
		Release|Any CPU = Release|Any CPU
	EndGlobalSection
	GlobalSection(NestedProjects) = preSolution
		{D3A4350B-AA8F-47F8-BE4A-1A1D6427A15B} = {18527B13-E51F-4BED-AB32-0114CA79DDDD}
		{FD6F8A2C-2BF1-4774-9329-0BEC2647158C} = {18527B13-E51F-4BED-AB32-0114CA79DDDD}
		{0649588E-53B8-415D-B281-BD8A2CD776DD} = {18527B13-E51F-4BED-AB32-0114CA79DDDD}
		{7DD6E6D1-7F44-4EF1-93E4-C8AD322ECC20} = {FD6F8A2C-2BF1-4774-9329-0BEC2647158C}
		{92C13F60-4902-4E47-9A90-727270C7B90B} = {0649588E-53B8-415D-B281-BD8A2CD776DD}
		{5573B0D9-0EE8-4416-AE96-2FA2784DD197} = {6075D65A-638A-450A-9FA3-C7A44D0EBBA1}
		{B81EB363-61D7-43D3-9A7E-691DB533A744} = {FD6F8A2C-2BF1-4774-9329-0BEC2647158C}
		{8C5B00FE-D7AA-4658-A7EE-F57D02A002DB} = {FD6F8A2C-2BF1-4774-9329-0BEC2647158C}
		{6B3DB36B-4E3C-4657-9A41-F535A904882A} = {E5C5FCE8-69C2-48BE-A041-6B3259E417F2}
		{9DD7D78A-E2F4-474C-ACA5-612E40E725B4} = {18527B13-E51F-4BED-AB32-0114CA79DDDD}
		{DB55AA8B-477C-4E1E-A91D-1D092C395BE5} = {9DD7D78A-E2F4-474C-ACA5-612E40E725B4}
		{CD1358BE-23A2-4729-B5DE-7B21CF1B7FBD} = {9DD7D78A-E2F4-474C-ACA5-612E40E725B4}
		{14EBF79F-758C-4D00-B8E0-4EBA2EB628ED} = {9DD7D78A-E2F4-474C-ACA5-612E40E725B4}
	EndGlobalSection
	GlobalSection(ProjectConfigurationPlatforms) = postSolution
		{7DD6E6D1-7F44-4EF1-93E4-C8AD322ECC20}.Debug|Any CPU.ActiveCfg = Debug|Any CPU
		{7DD6E6D1-7F44-4EF1-93E4-C8AD322ECC20}.Debug|Any CPU.Build.0 = Debug|Any CPU
		{7DD6E6D1-7F44-4EF1-93E4-C8AD322ECC20}.Release|Any CPU.ActiveCfg = Release|Any CPU
		{7DD6E6D1-7F44-4EF1-93E4-C8AD322ECC20}.Release|Any CPU.Build.0 = Release|Any CPU
		{92C13F60-4902-4E47-9A90-727270C7B90B}.Debug|Any CPU.ActiveCfg = Debug|Any CPU
		{92C13F60-4902-4E47-9A90-727270C7B90B}.Debug|Any CPU.Build.0 = Debug|Any CPU
		{92C13F60-4902-4E47-9A90-727270C7B90B}.Release|Any CPU.ActiveCfg = Release|Any CPU
		{92C13F60-4902-4E47-9A90-727270C7B90B}.Release|Any CPU.Build.0 = Release|Any CPU
		{5573B0D9-0EE8-4416-AE96-2FA2784DD197}.Debug|Any CPU.ActiveCfg = Debug|Any CPU
		{5573B0D9-0EE8-4416-AE96-2FA2784DD197}.Debug|Any CPU.Build.0 = Debug|Any CPU
		{5573B0D9-0EE8-4416-AE96-2FA2784DD197}.Release|Any CPU.ActiveCfg = Release|Any CPU
		{5573B0D9-0EE8-4416-AE96-2FA2784DD197}.Release|Any CPU.Build.0 = Release|Any CPU
		{B81EB363-61D7-43D3-9A7E-691DB533A744}.Debug|Any CPU.ActiveCfg = Debug|Any CPU
		{B81EB363-61D7-43D3-9A7E-691DB533A744}.Debug|Any CPU.Build.0 = Debug|Any CPU
		{B81EB363-61D7-43D3-9A7E-691DB533A744}.Release|Any CPU.ActiveCfg = Release|Any CPU
		{B81EB363-61D7-43D3-9A7E-691DB533A744}.Release|Any CPU.Build.0 = Release|Any CPU
		{8C5B00FE-D7AA-4658-A7EE-F57D02A002DB}.Debug|Any CPU.ActiveCfg = Debug|Any CPU
		{8C5B00FE-D7AA-4658-A7EE-F57D02A002DB}.Debug|Any CPU.Build.0 = Debug|Any CPU
		{8C5B00FE-D7AA-4658-A7EE-F57D02A002DB}.Release|Any CPU.ActiveCfg = Release|Any CPU
		{8C5B00FE-D7AA-4658-A7EE-F57D02A002DB}.Release|Any CPU.Build.0 = Release|Any CPU
		{6B3DB36B-4E3C-4657-9A41-F535A904882A}.Debug|Any CPU.ActiveCfg = Debug|Any CPU
		{6B3DB36B-4E3C-4657-9A41-F535A904882A}.Debug|Any CPU.Build.0 = Debug|Any CPU
		{6B3DB36B-4E3C-4657-9A41-F535A904882A}.Release|Any CPU.ActiveCfg = Release|Any CPU
		{6B3DB36B-4E3C-4657-9A41-F535A904882A}.Release|Any CPU.Build.0 = Release|Any CPU
		{DB55AA8B-477C-4E1E-A91D-1D092C395BE5}.Debug|Any CPU.ActiveCfg = Debug|Any CPU
		{DB55AA8B-477C-4E1E-A91D-1D092C395BE5}.Debug|Any CPU.Build.0 = Debug|Any CPU
		{DB55AA8B-477C-4E1E-A91D-1D092C395BE5}.Release|Any CPU.ActiveCfg = Release|Any CPU
		{DB55AA8B-477C-4E1E-A91D-1D092C395BE5}.Release|Any CPU.Build.0 = Release|Any CPU
		{CD1358BE-23A2-4729-B5DE-7B21CF1B7FBD}.Debug|Any CPU.ActiveCfg = Debug|Any CPU
		{CD1358BE-23A2-4729-B5DE-7B21CF1B7FBD}.Debug|Any CPU.Build.0 = Debug|Any CPU
		{CD1358BE-23A2-4729-B5DE-7B21CF1B7FBD}.Release|Any CPU.ActiveCfg = Release|Any CPU
		{CD1358BE-23A2-4729-B5DE-7B21CF1B7FBD}.Release|Any CPU.Build.0 = Release|Any CPU
		{14EBF79F-758C-4D00-B8E0-4EBA2EB628ED}.Debug|Any CPU.ActiveCfg = Debug|Any CPU
		{14EBF79F-758C-4D00-B8E0-4EBA2EB628ED}.Debug|Any CPU.Build.0 = Debug|Any CPU
		{14EBF79F-758C-4D00-B8E0-4EBA2EB628ED}.Release|Any CPU.ActiveCfg = Release|Any CPU
		{14EBF79F-758C-4D00-B8E0-4EBA2EB628ED}.Release|Any CPU.Build.0 = Release|Any CPU
	EndGlobalSection
EndGlobal
